<?xml version="1.0" encoding="utf-8"?>
<Project ToolsVersion="4.0" xmlns="http://schemas.microsoft.com/developer/msbuild/2003">
  <ItemGroup>
    <Filter Include="소스 파일">
      <UniqueIdentifier>{4FC737F1-C7A5-4376-A066-2A32D752A2FF}</UniqueIdentifier>
      <Extensions>cpp;c;cc;cxx;def;odl;idl;hpj;bat;asm;asmx</Extensions>
    </Filter>
    <Filter Include="소스 파일\CDK">
      <UniqueIdentifier>{17a8d98a-7f55-4a95-abf3-70508d4e0568}</UniqueIdentifier>
    </Filter>
    <Filter Include="소스 파일\CDK\Base">
      <UniqueIdentifier>{30731b60-3026-4101-bced-07e1b69ef3f0}</UniqueIdentifier>
    </Filter>
    <Filter Include="소스 파일\CDK\Base\Platform">
      <UniqueIdentifier>{dd199916-6192-448d-9b32-3ae4e173d32d}</UniqueIdentifier>
    </Filter>
    <Filter Include="소스 파일\CDK\Base\Platform\windows">
      <UniqueIdentifier>{0537ad83-df52-40a2-96ed-801efda021ae}</UniqueIdentifier>
    </Filter>
    <Filter Include="소스 파일\CDK\Base\Platform\windows\sys">
      <UniqueIdentifier>{54f75268-011d-4965-83c8-8bade199e784}</UniqueIdentifier>
    </Filter>
    <Filter Include="소스 파일\CDK\Base\Core">
      <UniqueIdentifier>{3d64eb65-8ec1-4f6e-8628-3dc93b766973}</UniqueIdentifier>
    </Filter>
    <Filter Include="소스 파일\CDK\Base\Collections">
      <UniqueIdentifier>{ce06ff7c-f7c0-407f-b1eb-3da5adf68315}</UniqueIdentifier>
    </Filter>
    <Filter Include="소스 파일\CDK\Base\Graphics">
      <UniqueIdentifier>{f582c5bb-f0fe-491b-b538-635a6337ef3b}</UniqueIdentifier>
    </Filter>
    <Filter Include="소스 파일\CDK\Base\Graphics\Animations">
      <UniqueIdentifier>{75110afd-4706-4215-8d92-b4770fcb41c3}</UniqueIdentifier>
    </Filter>
    <Filter Include="소스 파일\CDK\Base\Graphics\Animations\Chain">
      <UniqueIdentifier>{620cc643-8f23-4dbe-ac14-f1639ed043cc}</UniqueIdentifier>
    </Filter>
    <Filter Include="소스 파일\CDK\Base\Graphics\Animations\Model">
      <UniqueIdentifier>{1e95d327-2525-40fd-b350-a142dca900e3}</UniqueIdentifier>
    </Filter>
    <Filter Include="소스 파일\CDK\Base\Graphics\Animations\Particle">
      <UniqueIdentifier>{1502d576-025f-4237-8457-038092003050}</UniqueIdentifier>
    </Filter>
    <Filter Include="소스 파일\CDK\Base\Graphics\Animations\Particle\Shape">
      <UniqueIdentifier>{8395eb76-05c7-4128-9dd2-c47e12b0fcda}</UniqueIdentifier>
    </Filter>
    <Filter Include="소스 파일\CDK\Base\Graphics\Animations\Sprite">
      <UniqueIdentifier>{d5f456d2-7ae6-49eb-aa10-7b8bcd70d4ea}</UniqueIdentifier>
    </Filter>
    <Filter Include="소스 파일\CDK\Base\Graphics\Animations\Trail">
      <UniqueIdentifier>{3e13056a-ba4a-4179-bd2a-528c0e05fb6c}</UniqueIdentifier>
    </Filter>
    <Filter Include="소스 파일\CDK\Base\Graphics\Base">
      <UniqueIdentifier>{b4d63c0d-317d-42b9-a2a4-bd9199f3d0d0}</UniqueIdentifier>
    </Filter>
    <Filter Include="소스 파일\CDK\Base\Graphics\Camera">
      <UniqueIdentifier>{8bb9e690-d772-45da-afc4-43a11920b389}</UniqueIdentifier>
    </Filter>
    <Filter Include="소스 파일\CDK\Base\Graphics\Collisions">
      <UniqueIdentifier>{a5dd0e7e-0161-4973-a6c2-3192e26b572a}</UniqueIdentifier>
    </Filter>
    <Filter Include="소스 파일\CDK\Base\Graphics\Imaging">
      <UniqueIdentifier>{8e2a4dd0-b5c8-42a7-ba2e-1a3d3510e443}</UniqueIdentifier>
    </Filter>
    <Filter Include="소스 파일\CDK\Base\Graphics\Light">
      <UniqueIdentifier>{07855bdd-8e55-4175-9bb6-e46bb52b5bf4}</UniqueIdentifier>
    </Filter>
    <Filter Include="소스 파일\CDK\Base\Graphics\Mesh">
      <UniqueIdentifier>{c6411fce-0ab3-440b-a3aa-44b62821ca81}</UniqueIdentifier>
    </Filter>
    <Filter Include="소스 파일\CDK\Base\Graphics\Shader">
      <UniqueIdentifier>{ca8afeff-4124-4943-ac7b-788ec388d291}</UniqueIdentifier>
    </Filter>
    <Filter Include="소스 파일\CDK\Base\Graphics\Supports">
      <UniqueIdentifier>{c1fb5c0f-87a8-446e-a7ec-32b626659bf0}</UniqueIdentifier>
    </Filter>
    <Filter Include="소스 파일\CDK\Base\Graphics\Supports\Shaders">
      <UniqueIdentifier>{54f5321f-ea83-425f-a030-9d904b7a1407}</UniqueIdentifier>
    </Filter>
    <Filter Include="소스 파일\CDK\Base\Interface">
      <UniqueIdentifier>{1a4f993c-5bae-4fb8-84d3-bc98d2d9b45f}</UniqueIdentifier>
    </Filter>
    <Filter Include="소스 파일\CDK\Base\IO">
      <UniqueIdentifier>{c8d2677d-d1b0-4d8b-a3c0-c4bad61317e2}</UniqueIdentifier>
    </Filter>
    <Filter Include="소스 파일\CDK\Base\Locale">
      <UniqueIdentifier>{a3b0b57a-b198-4714-b18c-e8f8fbcc7e26}</UniqueIdentifier>
    </Filter>
    <Filter Include="소스 파일\CDK\Base\Security">
      <UniqueIdentifier>{4c201d75-a843-4e5c-8876-d052fb6f056f}</UniqueIdentifier>
    </Filter>
    <Filter Include="소스 파일\CDK\Base\Utilities">
      <UniqueIdentifier>{0ed6771a-ad11-4fb2-88ad-50e96c935946}</UniqueIdentifier>
    </Filter>
    <Filter Include="소스 파일\CDK\Base\Utilities\Movements">
      <UniqueIdentifier>{93e9c434-df43-4882-850f-5cb79566cff6}</UniqueIdentifier>
    </Filter>
    <Filter Include="소스 파일\CDK\Base\Diagnostics">
      <UniqueIdentifier>{467be115-4d2b-44ca-9788-9743f9b08d15}</UniqueIdentifier>
    </Filter>
    <Filter Include="소스 파일\CDK\Base\Audio">
      <UniqueIdentifier>{36f260e9-93b6-4772-9dde-6d9518088ffc}</UniqueIdentifier>
    </Filter>
    <Filter Include="미리 컴파일된 헤더">
      <UniqueIdentifier>{fa5431c8-c4b9-4247-8173-b601f3ca5f29}</UniqueIdentifier>
    </Filter>
    <Filter Include="소스 파일\CDK\Base\Network">
      <UniqueIdentifier>{22fc4a95-13fb-45d7-8a46-d4df6c26a556}</UniqueIdentifier>
    </Filter>
  </ItemGroup>
  <ItemGroup>
    <ClInclude Include="..\CDK\Sources\CDK.h">
      <Filter>소스 파일\CDK\Base</Filter>
    </ClInclude>
    <ClInclude Include="..\CDK\Sources\CSConfig.h">
      <Filter>소스 파일\CDK\Base</Filter>
    </ClInclude>
    <ClInclude Include="..\CDK\Sources\Platform\CSApplication.h">
      <Filter>소스 파일\CDK\Base\Platform</Filter>
    </ClInclude>
    <ClInclude Include="..\CDK\Sources\Platform\CSCrypto.h">
      <Filter>소스 파일\CDK\Base\Platform</Filter>
    </ClInclude>
    <ClInclude Include="..\CDK\Sources\Platform\CSDevice.h">
      <Filter>소스 파일\CDK\Base\Platform</Filter>
    </ClInclude>
    <ClInclude Include="..\CDK\Sources\Platform\CSEncoder.h">
      <Filter>소스 파일\CDK\Base\Platform</Filter>
    </ClInclude>
    <ClInclude Include="..\CDK\Sources\Platform\CSFile.h">
      <Filter>소스 파일\CDK\Base\Platform</Filter>
    </ClInclude>
    <ClInclude Include="..\CDK\Sources\Platform\CSFileRawImpl.h">
      <Filter>소스 파일\CDK\Base\Platform</Filter>
    </ClInclude>
    <ClInclude Include="..\CDK\Sources\Platform\CSLog.h">
      <Filter>소스 파일\CDK\Base\Platform</Filter>
    </ClInclude>
    <ClInclude Include="..\CDK\Sources\Platform\CSMemory.h">
      <Filter>소스 파일\CDK\Base\Platform</Filter>
    </ClInclude>
    <ClInclude Include="..\CDK\Sources\Platform\CSRaster.h">
      <Filter>소스 파일\CDK\Base\Platform</Filter>
    </ClInclude>
    <ClInclude Include="..\CDK\Sources\Platform\CSScreenBuffer.h">
      <Filter>소스 파일\CDK\Base\Platform</Filter>
    </ClInclude>
    <ClInclude Include="..\CDK\Sources\Platform\CSSignal.h">
      <Filter>소스 파일\CDK\Base\Platform</Filter>
    </ClInclude>
    <ClInclude Include="..\CDK\Sources\Platform\CSTextFieldBridge.h">
      <Filter>소스 파일\CDK\Base\Platform</Filter>
    </ClInclude>
    <ClInclude Include="..\CDK\Sources\Platform\CSURLConnectionBridge.h">
      <Filter>소스 파일\CDK\Base\Platform</Filter>
    </ClInclude>
    <ClInclude Include="..\CDK\Sources\Platform\CSURLRequestBridge.h">
      <Filter>소스 파일\CDK\Base\Platform</Filter>
    </ClInclude>
    <ClInclude Include="..\CDK\Sources\Platform\CSVideoViewBridge.h">
      <Filter>소스 파일\CDK\Base\Platform</Filter>
    </ClInclude>
    <ClInclude Include="..\CDK\Sources\Platform\CSViewBridge.h">
      <Filter>소스 파일\CDK\Base\Platform</Filter>
    </ClInclude>
    <ClInclude Include="..\CDK\Sources\Platform\windows\CSFontImpl.h">
      <Filter>소스 파일\CDK\Base\Platform\windows</Filter>
    </ClInclude>
    <ClInclude Include="..\CDK\Sources\Platform\windows\CSTextFieldImpl.h">
      <Filter>소스 파일\CDK\Base\Platform\windows</Filter>
    </ClInclude>
    <ClInclude Include="..\CDK\Sources\Platform\windows\CSURLConnectionImpl.h">
      <Filter>소스 파일\CDK\Base\Platform\windows</Filter>
    </ClInclude>
    <ClInclude Include="..\CDK\Sources\Platform\windows\CSURLRequestImpl.h">
      <Filter>소스 파일\CDK\Base\Platform\windows</Filter>
    </ClInclude>
    <ClInclude Include="..\CDK\Sources\Core\CSAutoreleasePool.h">
      <Filter>소스 파일\CDK\Base\Core</Filter>
    </ClInclude>
    <ClInclude Include="..\CDK\Sources\Core\CSCharSequence.h">
      <Filter>소스 파일\CDK\Base\Core</Filter>
    </ClInclude>
    <ClInclude Include="..\CDK\Sources\Core\CSDelegate.h">
      <Filter>소스 파일\CDK\Base\Core</Filter>
    </ClInclude>
    <ClInclude Include="..\CDK\Sources\Core\CSFixed.h">
      <Filter>소스 파일\CDK\Base\Core</Filter>
    </ClInclude>
    <ClInclude Include="..\CDK\Sources\Core\CSHandler.h">
      <Filter>소스 파일\CDK\Base\Core</Filter>
    </ClInclude>
    <ClInclude Include="..\CDK\Sources\Core\CSLock.h">
      <Filter>소스 파일\CDK\Base\Core</Filter>
    </ClInclude>
    <ClInclude Include="..\CDK\Sources\Core\CSMacro.h">
      <Filter>소스 파일\CDK\Base\Core</Filter>
    </ClInclude>
    <ClInclude Include="..\CDK\Sources\Core\CSMember.h">
      <Filter>소스 파일\CDK\Base\Core</Filter>
    </ClInclude>
    <ClInclude Include="..\CDK\Sources\Core\CSObject.h">
      <Filter>소스 파일\CDK\Base\Core</Filter>
    </ClInclude>
    <ClInclude Include="..\CDK\Sources\Core\CSString.h">
      <Filter>소스 파일\CDK\Base\Core</Filter>
    </ClInclude>
    <ClInclude Include="..\CDK\Sources\Core\CSTask.h">
      <Filter>소스 파일\CDK\Base\Core</Filter>
    </ClInclude>
    <ClInclude Include="..\CDK\Sources\Core\CSThread.h">
      <Filter>소스 파일\CDK\Base\Core</Filter>
    </ClInclude>
    <ClInclude Include="..\CDK\Sources\Core\CSTime.h">
      <Filter>소스 파일\CDK\Base\Core</Filter>
    </ClInclude>
    <ClInclude Include="..\CDK\Sources\Core\CSTypes.h">
      <Filter>소스 파일\CDK\Base\Core</Filter>
    </ClInclude>
    <ClInclude Include="..\CDK\Sources\Core\CSValue.h">
      <Filter>소스 파일\CDK\Base\Core</Filter>
    </ClInclude>
    <ClInclude Include="..\CDK\Sources\Collections\CSArray.h">
      <Filter>소스 파일\CDK\Base\Collections</Filter>
    </ClInclude>
    <ClInclude Include="..\CDK\Sources\Collections\CSData.h">
      <Filter>소스 파일\CDK\Base\Collections</Filter>
    </ClInclude>
    <ClInclude Include="..\CDK\Sources\Collections\CSDictionary.h">
      <Filter>소스 파일\CDK\Base\Collections</Filter>
    </ClInclude>
    <ClInclude Include="..\CDK\Sources\Collections\CSEntry.h">
      <Filter>소스 파일\CDK\Base\Collections</Filter>
    </ClInclude>
    <ClInclude Include="..\CDK\Sources\Collections\CSQueue.h">
      <Filter>소스 파일\CDK\Base\Collections</Filter>
    </ClInclude>
    <ClInclude Include="..\CDK\Sources\Collections\CSSet.h">
      <Filter>소스 파일\CDK\Base\Collections</Filter>
    </ClInclude>
    <ClInclude Include="..\CDK\Sources\Collections\CSSortedDictionary.h">
      <Filter>소스 파일\CDK\Base\Collections</Filter>
    </ClInclude>
    <ClInclude Include="..\CDK\Sources\Collections\CSSortedSet.h">
      <Filter>소스 파일\CDK\Base\Collections</Filter>
    </ClInclude>
    <ClInclude Include="..\CDK\Sources\Graphics\CSGraphics+StrokeAlpha.h">
      <Filter>소스 파일\CDK\Base\Graphics</Filter>
    </ClInclude>
    <ClInclude Include="..\CDK\Sources\Graphics\CSGraphics.h">
      <Filter>소스 파일\CDK\Base\Graphics</Filter>
    </ClInclude>
    <ClInclude Include="..\CDK\Sources\Graphics\CSResource.h">
      <Filter>소스 파일\CDK\Base\Graphics</Filter>
    </ClInclude>
    <ClInclude Include="..\CDK\Sources\Graphics\Animations\CSAnimation.h">
      <Filter>소스 파일\CDK\Base\Graphics\Animations</Filter>
    </ClInclude>
    <ClInclude Include="..\CDK\Sources\Graphics\Animations\CSAnimationDerivation.h">
      <Filter>소스 파일\CDK\Base\Graphics\Animations</Filter>
    </ClInclude>
    <ClInclude Include="..\CDK\Sources\Graphics\Animations\CSAnimationDerivationEmission.h">
      <Filter>소스 파일\CDK\Base\Graphics\Animations</Filter>
    </ClInclude>
    <ClInclude Include="..\CDK\Sources\Graphics\Animations\CSAnimationDerivationLinked.h">
      <Filter>소스 파일\CDK\Base\Graphics\Animations</Filter>
    </ClInclude>
    <ClInclude Include="..\CDK\Sources\Graphics\Animations\CSAnimationDerivationMulti.h">
      <Filter>소스 파일\CDK\Base\Graphics\Animations</Filter>
    </ClInclude>
    <ClInclude Include="..\CDK\Sources\Graphics\Animations\CSAnimationDerivationRandom.h">
      <Filter>소스 파일\CDK\Base\Graphics\Animations</Filter>
    </ClInclude>
    <ClInclude Include="..\CDK\Sources\Graphics\Animations\CSAnimationLoop.h">
      <Filter>소스 파일\CDK\Base\Graphics\Animations</Filter>
    </ClInclude>
    <ClInclude Include="..\CDK\Sources\Graphics\Animations\CSAnimationParam.h">
      <Filter>소스 파일\CDK\Base\Graphics\Animations</Filter>
    </ClInclude>
    <ClInclude Include="..\CDK\Sources\Graphics\Animations\CSAnimationSubstance.h">
      <Filter>소스 파일\CDK\Base\Graphics\Animations</Filter>
    </ClInclude>
    <ClInclude Include="..\CDK\Sources\Graphics\Animations\Chain\CSChain.h">
      <Filter>소스 파일\CDK\Base\Graphics\Animations\Chain</Filter>
    </ClInclude>
    <ClInclude Include="..\CDK\Sources\Graphics\Animations\Model\CSModel.h">
      <Filter>소스 파일\CDK\Base\Graphics\Animations\Model</Filter>
    </ClInclude>
    <ClInclude Include="..\CDK\Sources\Graphics\Animations\Particle\CSParticle.h">
      <Filter>소스 파일\CDK\Base\Graphics\Animations\Particle</Filter>
    </ClInclude>
    <ClInclude Include="..\CDK\Sources\Graphics\Animations\Particle\Shape\CSParticleShape.h">
      <Filter>소스 파일\CDK\Base\Graphics\Animations\Particle\Shape</Filter>
    </ClInclude>
    <ClInclude Include="..\CDK\Sources\Graphics\Animations\Particle\Shape\CSParticleShapeBox.h">
      <Filter>소스 파일\CDK\Base\Graphics\Animations\Particle\Shape</Filter>
    </ClInclude>
    <ClInclude Include="..\CDK\Sources\Graphics\Animations\Particle\Shape\CSParticleShapeCircle.h">
      <Filter>소스 파일\CDK\Base\Graphics\Animations\Particle\Shape</Filter>
    </ClInclude>
    <ClInclude Include="..\CDK\Sources\Graphics\Animations\Particle\Shape\CSParticleShapeCone.h">
      <Filter>소스 파일\CDK\Base\Graphics\Animations\Particle\Shape</Filter>
    </ClInclude>
    <ClInclude Include="..\CDK\Sources\Graphics\Animations\Particle\Shape\CSParticleShapeHamisphere.h">
      <Filter>소스 파일\CDK\Base\Graphics\Animations\Particle\Shape</Filter>
    </ClInclude>
    <ClInclude Include="..\CDK\Sources\Graphics\Animations\Particle\Shape\CSParticleShapeRect.h">
      <Filter>소스 파일\CDK\Base\Graphics\Animations\Particle\Shape</Filter>
    </ClInclude>
    <ClInclude Include="..\CDK\Sources\Graphics\Animations\Particle\Shape\CSParticleShapeSphere.h">
      <Filter>소스 파일\CDK\Base\Graphics\Animations\Particle\Shape</Filter>
    </ClInclude>
    <ClInclude Include="..\CDK\Sources\Graphics\Animations\Sprite\CSSprite.h">
      <Filter>소스 파일\CDK\Base\Graphics\Animations\Sprite</Filter>
    </ClInclude>
    <ClInclude Include="..\CDK\Sources\Graphics\Animations\Trail\CSTrail.h">
      <Filter>소스 파일\CDK\Base\Graphics\Animations\Trail</Filter>
    </ClInclude>
    <ClInclude Include="..\CDK\Sources\Graphics\Base\CSBlendMode.h">
      <Filter>소스 파일\CDK\Base\Graphics\Base</Filter>
    </ClInclude>
    <ClInclude Include="..\CDK\Sources\Graphics\Base\CSColor.h">
      <Filter>소스 파일\CDK\Base\Graphics\Base</Filter>
    </ClInclude>
    <ClInclude Include="..\CDK\Sources\Graphics\Base\CSColor3.h">
      <Filter>소스 파일\CDK\Base\Graphics\Base</Filter>
    </ClInclude>
    <ClInclude Include="..\CDK\Sources\Graphics\Base\CSConvolution.h">
      <Filter>소스 파일\CDK\Base\Graphics\Base</Filter>
    </ClInclude>
    <ClInclude Include="..\CDK\Sources\Graphics\Base\CSFont.h">
      <Filter>소스 파일\CDK\Base\Graphics\Base</Filter>
    </ClInclude>
    <ClInclude Include="..\CDK\Sources\Graphics\Base\CSMaskingMode.h">
      <Filter>소스 파일\CDK\Base\Graphics\Base</Filter>
    </ClInclude>
    <ClInclude Include="..\CDK\Sources\Graphics\Base\CSMatrix.h">
      <Filter>소스 파일\CDK\Base\Graphics\Base</Filter>
    </ClInclude>
    <ClInclude Include="..\CDK\Sources\Graphics\Base\CSQuaternion.h">
      <Filter>소스 파일\CDK\Base\Graphics\Base</Filter>
    </ClInclude>
    <ClInclude Include="..\CDK\Sources\Graphics\Base\CSRect.h">
      <Filter>소스 파일\CDK\Base\Graphics\Base</Filter>
    </ClInclude>
    <ClInclude Include="..\CDK\Sources\Graphics\Base\CSSize.h">
      <Filter>소스 파일\CDK\Base\Graphics\Base</Filter>
    </ClInclude>
    <ClInclude Include="..\CDK\Sources\Graphics\Base\CSVector2.h">
      <Filter>소스 파일\CDK\Base\Graphics\Base</Filter>
    </ClInclude>
    <ClInclude Include="..\CDK\Sources\Graphics\Base\CSVector3.h">
      <Filter>소스 파일\CDK\Base\Graphics\Base</Filter>
    </ClInclude>
    <ClInclude Include="..\CDK\Sources\Graphics\Base\CSVector4.h">
      <Filter>소스 파일\CDK\Base\Graphics\Base</Filter>
    </ClInclude>
    <ClInclude Include="..\CDK\Sources\Graphics\Base\CSVertex.h">
      <Filter>소스 파일\CDK\Base\Graphics\Base</Filter>
    </ClInclude>
    <ClInclude Include="..\CDK\Sources\Graphics\Base\CSZRect.h">
      <Filter>소스 파일\CDK\Base\Graphics\Base</Filter>
    </ClInclude>
    <ClInclude Include="..\CDK\Sources\Graphics\Camera\CSCamera.h">
      <Filter>소스 파일\CDK\Base\Graphics\Camera</Filter>
    </ClInclude>
    <ClInclude Include="..\CDK\Sources\Graphics\Collisions\CSBoundingBox.h">
      <Filter>소스 파일\CDK\Base\Graphics\Collisions</Filter>
    </ClInclude>
    <ClInclude Include="..\CDK\Sources\Graphics\Collisions\CSBoundingFrustum.h">
      <Filter>소스 파일\CDK\Base\Graphics\Collisions</Filter>
    </ClInclude>
    <ClInclude Include="..\CDK\Sources\Graphics\Collisions\CSBoundingSphere.h">
      <Filter>소스 파일\CDK\Base\Graphics\Collisions</Filter>
    </ClInclude>
    <ClInclude Include="..\CDK\Sources\Graphics\Collisions\CSCollision.h">
      <Filter>소스 파일\CDK\Base\Graphics\Collisions</Filter>
    </ClInclude>
    <ClInclude Include="..\CDK\Sources\Graphics\Collisions\CSPlane.h">
      <Filter>소스 파일\CDK\Base\Graphics\Collisions</Filter>
    </ClInclude>
    <ClInclude Include="..\CDK\Sources\Graphics\Collisions\CSRay.h">
      <Filter>소스 파일\CDK\Base\Graphics\Collisions</Filter>
    </ClInclude>
    <ClInclude Include="..\CDK\Sources\Graphics\Imaging\CSImage.h">
      <Filter>소스 파일\CDK\Base\Graphics\Imaging</Filter>
    </ClInclude>
    <ClInclude Include="..\CDK\Sources\Graphics\Imaging\CSRootImage.h">
      <Filter>소스 파일\CDK\Base\Graphics\Imaging</Filter>
    </ClInclude>
    <ClInclude Include="..\CDK\Sources\Graphics\Imaging\CSScratch.h">
      <Filter>소스 파일\CDK\Base\Graphics\Imaging</Filter>
    </ClInclude>
    <ClInclude Include="..\CDK\Sources\Graphics\Imaging\CSSubImage.h">
      <Filter>소스 파일\CDK\Base\Graphics\Imaging</Filter>
    </ClInclude>
    <ClInclude Include="..\CDK\Sources\Graphics\Light\CSLight.h">
      <Filter>소스 파일\CDK\Base\Graphics\Light</Filter>
    </ClInclude>
    <ClInclude Include="..\CDK\Sources\Graphics\Light\CSMaterial.h">
      <Filter>소스 파일\CDK\Base\Graphics\Light</Filter>
    </ClInclude>
    <ClInclude Include="..\CDK\Sources\Graphics\Mesh\CSMesh.h">
      <Filter>소스 파일\CDK\Base\Graphics\Mesh</Filter>
    </ClInclude>
    <ClInclude Include="..\CDK\Sources\Graphics\Mesh\CSMeshAnimation.h">
      <Filter>소스 파일\CDK\Base\Graphics\Mesh</Filter>
    </ClInclude>
    <ClInclude Include="..\CDK\Sources\Graphics\Mesh\CSMeshMaterial.h">
      <Filter>소스 파일\CDK\Base\Graphics\Mesh</Filter>
    </ClInclude>
    <ClInclude Include="..\CDK\Sources\Graphics\Mesh\CSMeshNode.h">
      <Filter>소스 파일\CDK\Base\Graphics\Mesh</Filter>
    </ClInclude>
    <ClInclude Include="..\CDK\Sources\Graphics\Mesh\CSVertexArray.h">
      <Filter>소스 파일\CDK\Base\Graphics\Mesh</Filter>
    </ClInclude>
    <ClInclude Include="..\CDK\Sources\Graphics\Shader\CSProgram.h">
      <Filter>소스 파일\CDK\Base\Graphics\Shader</Filter>
    </ClInclude>
    <ClInclude Include="..\CDK\Sources\Graphics\Shader\CSShader.h">
      <Filter>소스 파일\CDK\Base\Graphics\Shader</Filter>
    </ClInclude>
    <ClInclude Include="..\CDK\Sources\Graphics\Supports\CSCharacters.h">
      <Filter>소스 파일\CDK\Base\Graphics\Supports</Filter>
    </ClInclude>
    <ClInclude Include="..\CDK\Sources\Graphics\Supports\CSGLContextIdentifier.h">
      <Filter>소스 파일\CDK\Base\Graphics\Supports</Filter>
    </ClInclude>
    <ClInclude Include="..\CDK\Sources\Graphics\Supports\CSGraphicsImpl.h">
      <Filter>소스 파일\CDK\Base\Graphics\Supports</Filter>
    </ClInclude>
    <ClInclude Include="..\CDK\Sources\Graphics\Supports\CSOpenGL.h">
      <Filter>소스 파일\CDK\Base\Graphics\Supports</Filter>
    </ClInclude>
    <ClInclude Include="..\CDK\Sources\Graphics\Supports\CSRenderBounds.h">
      <Filter>소스 파일\CDK\Base\Graphics\Supports</Filter>
    </ClInclude>
    <ClInclude Include="..\CDK\Sources\Graphics\Supports\CSRenderer.h">
      <Filter>소스 파일\CDK\Base\Graphics\Supports</Filter>
    </ClInclude>
    <ClInclude Include="..\CDK\Sources\Graphics\Supports\CSRenderProgram.h">
      <Filter>소스 파일\CDK\Base\Graphics\Supports</Filter>
    </ClInclude>
    <ClInclude Include="..\CDK\Sources\Graphics\Supports\CSRenderState.h">
      <Filter>소스 파일\CDK\Base\Graphics\Supports</Filter>
    </ClInclude>
    <ClInclude Include="..\CDK\Sources\Graphics\Supports\CSRenderTarget.h">
      <Filter>소스 파일\CDK\Base\Graphics\Supports</Filter>
    </ClInclude>
    <ClInclude Include="..\CDK\Sources\Graphics\Supports\Shaders\CSBlurShader.h">
      <Filter>소스 파일\CDK\Base\Graphics\Supports\Shaders</Filter>
    </ClInclude>
    <ClInclude Include="..\CDK\Sources\Graphics\Supports\Shaders\CSFillShader.h">
      <Filter>소스 파일\CDK\Base\Graphics\Supports\Shaders</Filter>
    </ClInclude>
    <ClInclude Include="..\CDK\Sources\Graphics\Supports\Shaders\CSKuwaharaShader.h">
      <Filter>소스 파일\CDK\Base\Graphics\Supports\Shaders</Filter>
    </ClInclude>
    <ClInclude Include="..\CDK\Sources\Graphics\Supports\Shaders\CSLensShader.h">
      <Filter>소스 파일\CDK\Base\Graphics\Supports\Shaders</Filter>
    </ClInclude>
    <ClInclude Include="..\CDK\Sources\Graphics\Supports\Shaders\CSPixellateShader.h">
      <Filter>소스 파일\CDK\Base\Graphics\Supports\Shaders</Filter>
    </ClInclude>
    <ClInclude Include="..\CDK\Sources\Graphics\Supports\Shaders\CSShockwaveShader.h">
      <Filter>소스 파일\CDK\Base\Graphics\Supports\Shaders</Filter>
    </ClInclude>
    <ClInclude Include="..\CDK\Sources\Graphics\Supports\Shaders\CSSwirlShader.h">
      <Filter>소스 파일\CDK\Base\Graphics\Supports\Shaders</Filter>
    </ClInclude>
    <ClInclude Include="..\CDK\Sources\Interface\CSButton.h">
      <Filter>소스 파일\CDK\Base\Interface</Filter>
    </ClInclude>
    <ClInclude Include="..\CDK\Sources\Interface\CSKeyCode.h">
      <Filter>소스 파일\CDK\Base\Interface</Filter>
    </ClInclude>
    <ClInclude Include="..\CDK\Sources\Interface\CSLayer.h">
      <Filter>소스 파일\CDK\Base\Interface</Filter>
    </ClInclude>
    <ClInclude Include="..\CDK\Sources\Interface\CSLayerContainer.h">
      <Filter>소스 파일\CDK\Base\Interface</Filter>
    </ClInclude>
    <ClInclude Include="..\CDK\Sources\Interface\CSLayerTransition.h">
      <Filter>소스 파일\CDK\Base\Interface</Filter>
    </ClInclude>
    <ClInclude Include="..\CDK\Sources\Interface\CSListBox.h">
      <Filter>소스 파일\CDK\Base\Interface</Filter>
    </ClInclude>
    <ClInclude Include="..\CDK\Sources\Interface\CSPopupCoverLayer.h">
      <Filter>소스 파일\CDK\Base\Interface</Filter>
    </ClInclude>
    <ClInclude Include="..\CDK\Sources\Interface\CSScroll.h">
      <Filter>소스 파일\CDK\Base\Interface</Filter>
    </ClInclude>
    <ClInclude Include="..\CDK\Sources\Interface\CSScrollPane.h">
      <Filter>소스 파일\CDK\Base\Interface</Filter>
    </ClInclude>
    <ClInclude Include="..\CDK\Sources\Interface\CSTextBox.h">
      <Filter>소스 파일\CDK\Base\Interface</Filter>
    </ClInclude>
    <ClInclude Include="..\CDK\Sources\Interface\CSTextField.h">
      <Filter>소스 파일\CDK\Base\Interface</Filter>
    </ClInclude>
    <ClInclude Include="..\CDK\Sources\Interface\CSTicker.h">
      <Filter>소스 파일\CDK\Base\Interface</Filter>
    </ClInclude>
    <ClInclude Include="..\CDK\Sources\Interface\CSTouch.h">
      <Filter>소스 파일\CDK\Base\Interface</Filter>
    </ClInclude>
    <ClInclude Include="..\CDK\Sources\Interface\CSVideoView.h">
      <Filter>소스 파일\CDK\Base\Interface</Filter>
    </ClInclude>
    <ClInclude Include="..\CDK\Sources\Interface\CSView.h">
      <Filter>소스 파일\CDK\Base\Interface</Filter>
    </ClInclude>
    <ClInclude Include="..\CDK\Sources\Interface\CSWebView.h">
      <Filter>소스 파일\CDK\Base\Interface</Filter>
    </ClInclude>
    <ClInclude Include="..\CDK\Sources\IO\CSBuffer+array.h">
      <Filter>소스 파일\CDK\Base\IO</Filter>
    </ClInclude>
    <ClInclude Include="..\CDK\Sources\IO\CSBuffer.h">
      <Filter>소스 파일\CDK\Base\IO</Filter>
    </ClInclude>
    <ClInclude Include="..\CDK\Sources\IO\CSBytes.h">
      <Filter>소스 파일\CDK\Base\IO</Filter>
    </ClInclude>
    <ClInclude Include="..\CDK\Sources\IO\CSLogger.h">
      <Filter>소스 파일\CDK\Base\IO</Filter>
    </ClInclude>
    <ClInclude Include="..\CDK\Sources\IO\CSPool.h">
      <Filter>소스 파일\CDK\Base\IO</Filter>
    </ClInclude>
    <ClInclude Include="..\CDK\Sources\Locale\CSLocaleString.h">
      <Filter>소스 파일\CDK\Base\Locale</Filter>
    </ClInclude>
    <ClInclude Include="..\CDK\Sources\Network\CSSocket.h">
      <Filter>소스 파일\CDK\Base\Network</Filter>
    </ClInclude>
    <ClInclude Include="..\CDK\Sources\Network\CSURLConnection.h">
      <Filter>소스 파일\CDK\Base\Network</Filter>
    </ClInclude>
    <ClInclude Include="..\CDK\Sources\Network\CSURLRequest.h">
      <Filter>소스 파일\CDK\Base\Network</Filter>
    </ClInclude>
    <ClInclude Include="..\CDK\Sources\Security\CSSecret.h">
      <Filter>소스 파일\CDK\Base\Security</Filter>
    </ClInclude>
    <ClInclude Include="..\CDK\Sources\Security\CSSecretValue.h">
      <Filter>소스 파일\CDK\Base\Security</Filter>
    </ClInclude>
    <ClInclude Include="..\CDK\Sources\Utilities\CSFixedSinLut.h">
      <Filter>소스 파일\CDK\Base\Utilities</Filter>
    </ClInclude>
    <ClInclude Include="..\CDK\Sources\Utilities\CSJSONArray+array.h">
      <Filter>소스 파일\CDK\Base\Utilities</Filter>
    </ClInclude>
    <ClInclude Include="..\CDK\Sources\Utilities\CSJSONArray.h">
      <Filter>소스 파일\CDK\Base\Utilities</Filter>
    </ClInclude>
    <ClInclude Include="..\CDK\Sources\Utilities\CSJSONObject.h">
      <Filter>소스 파일\CDK\Base\Utilities</Filter>
    </ClInclude>
    <ClInclude Include="..\CDK\Sources\Utilities\CSJSONParser.h">
      <Filter>소스 파일\CDK\Base\Utilities</Filter>
    </ClInclude>
    <ClInclude Include="..\CDK\Sources\Utilities\CSJSONWriter+array.h">
      <Filter>소스 파일\CDK\Base\Utilities</Filter>
    </ClInclude>
    <ClInclude Include="..\CDK\Sources\Utilities\CSJSONWriter.h">
      <Filter>소스 파일\CDK\Base\Utilities</Filter>
    </ClInclude>
    <ClInclude Include="..\CDK\Sources\Utilities\CSMath.h">
      <Filter>소스 파일\CDK\Base\Utilities</Filter>
    </ClInclude>
    <ClInclude Include="..\CDK\Sources\Utilities\CSRandom.h">
      <Filter>소스 파일\CDK\Base\Utilities</Filter>
    </ClInclude>
    <ClInclude Include="..\CDK\Sources\Utilities\Movements\CSMovement.h">
      <Filter>소스 파일\CDK\Base\Utilities\Movements</Filter>
    </ClInclude>
    <ClInclude Include="..\CDK\Sources\Utilities\Movements\CSMovementConstant.h">
      <Filter>소스 파일\CDK\Base\Utilities\Movements</Filter>
    </ClInclude>
    <ClInclude Include="..\CDK\Sources\Utilities\Movements\CSMovementCurve.h">
      <Filter>소스 파일\CDK\Base\Utilities\Movements</Filter>
    </ClInclude>
    <ClInclude Include="..\CDK\Sources\Utilities\Movements\CSMovementLinear.h">
      <Filter>소스 파일\CDK\Base\Utilities\Movements</Filter>
    </ClInclude>
    <ClInclude Include="..\CDK\Sources\Diagnostics\CSDiagnostics.h">
      <Filter>소스 파일\CDK\Base\Diagnostics</Filter>
    </ClInclude>
    <ClInclude Include="..\CDK\Sources\Audio\CSAudio.h">
      <Filter>소스 파일\CDK\Base\Audio</Filter>
    </ClInclude>
    <ClInclude Include="..\CDK\Sources\Build\pch.h">
      <Filter>미리 컴파일된 헤더</Filter>
    </ClInclude>
    <ClInclude Include="..\CDK\Sources\Platform\windows\CSAudioOgg.h">
      <Filter>소스 파일\CDK\Base\Platform\windows</Filter>
    </ClInclude>
    <ClInclude Include="..\CDK\Sources\Platform\windows\CSAudioWave.h">
      <Filter>소스 파일\CDK\Base\Platform\windows</Filter>
    </ClInclude>
    <ClInclude Include="..\CDK\Sources\Platform\windows\CSDeviceConfig.h">
      <Filter>소스 파일\CDK\Base\Platform\windows</Filter>
    </ClInclude>
    <ClInclude Include="..\CDK\Sources\Graphics\CSGraphicsSetting.h">
      <Filter>소스 파일\CDK\Base\Graphics</Filter>
    </ClInclude>
    <ClInclude Include="..\CDK\Sources\Utilities\CSIAPDelegate.h">
      <Filter>소스 파일\CDK\Base\Utilities</Filter>
    </ClInclude>
    <ClInclude Include="..\CDK\Sources\Graphics\CSStringDisplay.h">
      <Filter>소스 파일\CDK\Base\Graphics</Filter>
    </ClInclude>
    <ClInclude Include="..\CDK\Sources\Platform\icu_compat.h">
      <Filter>소스 파일\CDK\Base\Platform</Filter>
    </ClInclude>
  </ItemGroup>
  <ItemGroup>
    <ClCompile Include="..\CDK\Sources\Platform\CSApplication.cpp">
      <Filter>소스 파일\CDK\Base\Platform</Filter>
    </ClCompile>
    <ClCompile Include="..\CDK\Sources\Platform\CSFileRawImpl.cpp">
      <Filter>소스 파일\CDK\Base\Platform</Filter>
    </ClCompile>
    <ClCompile Include="..\CDK\Sources\Platform\CSLog+common.cpp">
      <Filter>소스 파일\CDK\Base\Platform</Filter>
    </ClCompile>
    <ClCompile Include="..\CDK\Sources\Platform\CSMemory.cpp">
      <Filter>소스 파일\CDK\Base\Platform</Filter>
    </ClCompile>
    <ClCompile Include="..\CDK\Sources\Platform\windows\CSCrypto.cpp">
      <Filter>소스 파일\CDK\Base\Platform\windows</Filter>
    </ClCompile>
    <ClCompile Include="..\CDK\Sources\Platform\windows\CSDevice.cpp">
      <Filter>소스 파일\CDK\Base\Platform\windows</Filter>
    </ClCompile>
    <ClCompile Include="..\CDK\Sources\Platform\windows\CSEncoder.cpp">
      <Filter>소스 파일\CDK\Base\Platform\windows</Filter>
    </ClCompile>
    <ClCompile Include="..\CDK\Sources\Platform\windows\CSFile.cpp">
      <Filter>소스 파일\CDK\Base\Platform\windows</Filter>
    </ClCompile>
    <ClCompile Include="..\CDK\Sources\Platform\windows\CSFontImpl.cpp">
      <Filter>소스 파일\CDK\Base\Platform\windows</Filter>
    </ClCompile>
    <ClCompile Include="..\CDK\Sources\Platform\windows\CSLog.cpp">
      <Filter>소스 파일\CDK\Base\Platform\windows</Filter>
    </ClCompile>
    <ClCompile Include="..\CDK\Sources\Platform\windows\CSRaster.cpp">
      <Filter>소스 파일\CDK\Base\Platform\windows</Filter>
    </ClCompile>
    <ClCompile Include="..\CDK\Sources\Platform\windows\CSSignal.cpp">
      <Filter>소스 파일\CDK\Base\Platform\windows</Filter>
    </ClCompile>
    <ClCompile Include="..\CDK\Sources\Platform\windows\CSTextFieldBridge.cpp">
      <Filter>소스 파일\CDK\Base\Platform\windows</Filter>
    </ClCompile>
    <ClCompile Include="..\CDK\Sources\Platform\windows\CSTextFieldImpl.cpp">
      <Filter>소스 파일\CDK\Base\Platform\windows</Filter>
    </ClCompile>
    <ClCompile Include="..\CDK\Sources\Platform\windows\CSURLConnectionBridge.cpp">
      <Filter>소스 파일\CDK\Base\Platform\windows</Filter>
    </ClCompile>
    <ClCompile Include="..\CDK\Sources\Platform\windows\CSURLConnectionImpl.cpp">
      <Filter>소스 파일\CDK\Base\Platform\windows</Filter>
    </ClCompile>
    <ClCompile Include="..\CDK\Sources\Platform\windows\CSURLRequestBridge.cpp">
      <Filter>소스 파일\CDK\Base\Platform\windows</Filter>
    </ClCompile>
    <ClCompile Include="..\CDK\Sources\Platform\windows\CSURLRequestImpl.cpp">
      <Filter>소스 파일\CDK\Base\Platform\windows</Filter>
    </ClCompile>
    <ClCompile Include="..\CDK\Sources\Platform\windows\CSVideoViewBridge.cpp">
      <Filter>소스 파일\CDK\Base\Platform\windows</Filter>
    </ClCompile>
    <ClCompile Include="..\CDK\Sources\Platform\windows\CSWebViewBridge.cpp">
      <Filter>소스 파일\CDK\Base\Platform\windows</Filter>
    </ClCompile>
    <ClCompile Include="..\CDK\Sources\Platform\windows\main.cpp">
      <Filter>소스 파일\CDK\Base\Platform\windows</Filter>
    </ClCompile>
    <ClCompile Include="..\CDK\Sources\Platform\windows\sys\time.cpp">
      <Filter>소스 파일\CDK\Base\Platform\windows\sys</Filter>
    </ClCompile>
    <ClCompile Include="..\CDK\Sources\Core\CSAutoreleasePool.cpp">
      <Filter>소스 파일\CDK\Base\Core</Filter>
    </ClCompile>
    <ClCompile Include="..\CDK\Sources\Core\CSCharSequence.cpp">
      <Filter>소스 파일\CDK\Base\Core</Filter>
    </ClCompile>
    <ClCompile Include="..\CDK\Sources\Core\CSFixed.cpp">
      <Filter>소스 파일\CDK\Base\Core</Filter>
    </ClCompile>
    <ClCompile Include="..\CDK\Sources\Core\CSLock.cpp">
      <Filter>소스 파일\CDK\Base\Core</Filter>
    </ClCompile>
    <ClCompile Include="..\CDK\Sources\Core\CSObject.cpp">
      <Filter>소스 파일\CDK\Base\Core</Filter>
    </ClCompile>
    <ClCompile Include="..\CDK\Sources\Core\CSString.cpp">
      <Filter>소스 파일\CDK\Base\Core</Filter>
    </ClCompile>
    <ClCompile Include="..\CDK\Sources\Core\CSTask.cpp">
      <Filter>소스 파일\CDK\Base\Core</Filter>
    </ClCompile>
    <ClCompile Include="..\CDK\Sources\Core\CSThread.cpp">
      <Filter>소스 파일\CDK\Base\Core</Filter>
    </ClCompile>
    <ClCompile Include="..\CDK\Sources\Core\CSTime.cpp">
      <Filter>소스 파일\CDK\Base\Core</Filter>
    </ClCompile>
    <ClCompile Include="..\CDK\Sources\Core\CSTypes.cpp">
      <Filter>소스 파일\CDK\Base\Core</Filter>
    </ClCompile>
    <ClCompile Include="..\CDK\Sources\Collections\CSData+Base64.cpp">
      <Filter>소스 파일\CDK\Base\Collections</Filter>
    </ClCompile>
    <ClCompile Include="..\CDK\Sources\Collections\CSData.cpp">
      <Filter>소스 파일\CDK\Base\Collections</Filter>
    </ClCompile>
    <ClCompile Include="..\CDK\Sources\Graphics\CSGraphics+String.cpp">
      <Filter>소스 파일\CDK\Base\Graphics</Filter>
    </ClCompile>
    <ClCompile Include="..\CDK\Sources\Graphics\CSGraphics+FX.cpp">
      <Filter>소스 파일\CDK\Base\Graphics</Filter>
    </ClCompile>
    <ClCompile Include="..\CDK\Sources\Graphics\CSGraphics+Globalization.cpp">
      <Filter>소스 파일\CDK\Base\Graphics</Filter>
    </ClCompile>
    <ClCompile Include="..\CDK\Sources\Graphics\CSGraphics+Image.cpp">
      <Filter>소스 파일\CDK\Base\Graphics</Filter>
    </ClCompile>
    <ClCompile Include="..\CDK\Sources\Graphics\CSGraphics+Shape.cpp">
      <Filter>소스 파일\CDK\Base\Graphics</Filter>
    </ClCompile>
    <ClCompile Include="..\CDK\Sources\Graphics\CSGraphics+Sprite.cpp">
      <Filter>소스 파일\CDK\Base\Graphics</Filter>
    </ClCompile>
    <ClCompile Include="..\CDK\Sources\Graphics\CSGraphics+StringParam.cpp">
      <Filter>소스 파일\CDK\Base\Graphics</Filter>
    </ClCompile>
    <ClCompile Include="..\CDK\Sources\Graphics\CSGraphics.cpp">
      <Filter>소스 파일\CDK\Base\Graphics</Filter>
    </ClCompile>
    <ClCompile Include="..\CDK\Sources\Graphics\Animations\CSAnimation.cpp">
      <Filter>소스 파일\CDK\Base\Graphics\Animations</Filter>
    </ClCompile>
    <ClCompile Include="..\CDK\Sources\Graphics\Animations\CSAnimationDerivation.cpp">
      <Filter>소스 파일\CDK\Base\Graphics\Animations</Filter>
    </ClCompile>
    <ClCompile Include="..\CDK\Sources\Graphics\Animations\CSAnimationDerivationEmission.cpp">
      <Filter>소스 파일\CDK\Base\Graphics\Animations</Filter>
    </ClCompile>
    <ClCompile Include="..\CDK\Sources\Graphics\Animations\CSAnimationDerivationLinked.cpp">
      <Filter>소스 파일\CDK\Base\Graphics\Animations</Filter>
    </ClCompile>
    <ClCompile Include="..\CDK\Sources\Graphics\Animations\CSAnimationDerivationMulti.cpp">
      <Filter>소스 파일\CDK\Base\Graphics\Animations</Filter>
    </ClCompile>
    <ClCompile Include="..\CDK\Sources\Graphics\Animations\CSAnimationDerivationRandom.cpp">
      <Filter>소스 파일\CDK\Base\Graphics\Animations</Filter>
    </ClCompile>
    <ClCompile Include="..\CDK\Sources\Graphics\Animations\CSAnimationLoop.cpp">
      <Filter>소스 파일\CDK\Base\Graphics\Animations</Filter>
    </ClCompile>
    <ClCompile Include="..\CDK\Sources\Graphics\Animations\CSAnimationSubstance.cpp">
      <Filter>소스 파일\CDK\Base\Graphics\Animations</Filter>
    </ClCompile>
    <ClCompile Include="..\CDK\Sources\Graphics\Animations\Chain\CSChain.cpp">
      <Filter>소스 파일\CDK\Base\Graphics\Animations\Chain</Filter>
    </ClCompile>
    <ClCompile Include="..\CDK\Sources\Graphics\Animations\Model\CSModel.cpp">
      <Filter>소스 파일\CDK\Base\Graphics\Animations\Model</Filter>
    </ClCompile>
    <ClCompile Include="..\CDK\Sources\Graphics\Animations\Particle\CSParticle.cpp">
      <Filter>소스 파일\CDK\Base\Graphics\Animations\Particle</Filter>
    </ClCompile>
    <ClCompile Include="..\CDK\Sources\Graphics\Animations\Particle\Shape\CSParticleShape.cpp">
      <Filter>소스 파일\CDK\Base\Graphics\Animations\Particle\Shape</Filter>
    </ClCompile>
    <ClCompile Include="..\CDK\Sources\Graphics\Animations\Particle\Shape\CSParticleShapeBox.cpp">
      <Filter>소스 파일\CDK\Base\Graphics\Animations\Particle\Shape</Filter>
    </ClCompile>
    <ClCompile Include="..\CDK\Sources\Graphics\Animations\Particle\Shape\CSParticleShapeCircle.cpp">
      <Filter>소스 파일\CDK\Base\Graphics\Animations\Particle\Shape</Filter>
    </ClCompile>
    <ClCompile Include="..\CDK\Sources\Graphics\Animations\Particle\Shape\CSParticleShapeCone.cpp">
      <Filter>소스 파일\CDK\Base\Graphics\Animations\Particle\Shape</Filter>
    </ClCompile>
    <ClCompile Include="..\CDK\Sources\Graphics\Animations\Particle\Shape\CSParticleShapeHamisphere.cpp">
      <Filter>소스 파일\CDK\Base\Graphics\Animations\Particle\Shape</Filter>
    </ClCompile>
    <ClCompile Include="..\CDK\Sources\Graphics\Animations\Particle\Shape\CSParticleShapeRect.cpp">
      <Filter>소스 파일\CDK\Base\Graphics\Animations\Particle\Shape</Filter>
    </ClCompile>
    <ClCompile Include="..\CDK\Sources\Graphics\Animations\Particle\Shape\CSParticleShapeSphere.cpp">
      <Filter>소스 파일\CDK\Base\Graphics\Animations\Particle\Shape</Filter>
    </ClCompile>
    <ClCompile Include="..\CDK\Sources\Graphics\Animations\Sprite\CSSprite.cpp">
      <Filter>소스 파일\CDK\Base\Graphics\Animations\Sprite</Filter>
    </ClCompile>
    <ClCompile Include="..\CDK\Sources\Graphics\Animations\Trail\CSTrail.cpp">
      <Filter>소스 파일\CDK\Base\Graphics\Animations\Trail</Filter>
    </ClCompile>
    <ClCompile Include="..\CDK\Sources\Graphics\Base\CSColor.cpp">
      <Filter>소스 파일\CDK\Base\Graphics\Base</Filter>
    </ClCompile>
    <ClCompile Include="..\CDK\Sources\Graphics\Base\CSColor3.cpp">
      <Filter>소스 파일\CDK\Base\Graphics\Base</Filter>
    </ClCompile>
    <ClCompile Include="..\CDK\Sources\Graphics\Base\CSConvolution.cpp">
      <Filter>소스 파일\CDK\Base\Graphics\Base</Filter>
    </ClCompile>
    <ClCompile Include="..\CDK\Sources\Graphics\Base\CSFont.cpp">
      <Filter>소스 파일\CDK\Base\Graphics\Base</Filter>
    </ClCompile>
    <ClCompile Include="..\CDK\Sources\Graphics\Base\CSMatrix+billboard.cpp">
      <Filter>소스 파일\CDK\Base\Graphics\Base</Filter>
    </ClCompile>
    <ClCompile Include="..\CDK\Sources\Graphics\Base\CSMatrix.cpp">
      <Filter>소스 파일\CDK\Base\Graphics\Base</Filter>
    </ClCompile>
    <ClCompile Include="..\CDK\Sources\Graphics\Base\CSQuaternion.cpp">
      <Filter>소스 파일\CDK\Base\Graphics\Base</Filter>
    </ClCompile>
    <ClCompile Include="..\CDK\Sources\Graphics\Base\CSRect.cpp">
      <Filter>소스 파일\CDK\Base\Graphics\Base</Filter>
    </ClCompile>
    <ClCompile Include="..\CDK\Sources\Graphics\Base\CSSize.cpp">
      <Filter>소스 파일\CDK\Base\Graphics\Base</Filter>
    </ClCompile>
    <ClCompile Include="..\CDK\Sources\Graphics\Base\CSVector2.cpp">
      <Filter>소스 파일\CDK\Base\Graphics\Base</Filter>
    </ClCompile>
    <ClCompile Include="..\CDK\Sources\Graphics\Base\CSVector3.cpp">
      <Filter>소스 파일\CDK\Base\Graphics\Base</Filter>
    </ClCompile>
    <ClCompile Include="..\CDK\Sources\Graphics\Base\CSVector4.cpp">
      <Filter>소스 파일\CDK\Base\Graphics\Base</Filter>
    </ClCompile>
    <ClCompile Include="..\CDK\Sources\Graphics\Base\CSVertex.cpp">
      <Filter>소스 파일\CDK\Base\Graphics\Base</Filter>
    </ClCompile>
    <ClCompile Include="..\CDK\Sources\Graphics\Base\CSZRect.cpp">
      <Filter>소스 파일\CDK\Base\Graphics\Base</Filter>
    </ClCompile>
    <ClCompile Include="..\CDK\Sources\Graphics\Camera\CSCamera.cpp">
      <Filter>소스 파일\CDK\Base\Graphics\Camera</Filter>
    </ClCompile>
    <ClCompile Include="..\CDK\Sources\Graphics\Collisions\CSBoundingBox.cpp">
      <Filter>소스 파일\CDK\Base\Graphics\Collisions</Filter>
    </ClCompile>
    <ClCompile Include="..\CDK\Sources\Graphics\Collisions\CSBoundingFrustum.cpp">
      <Filter>소스 파일\CDK\Base\Graphics\Collisions</Filter>
    </ClCompile>
    <ClCompile Include="..\CDK\Sources\Graphics\Collisions\CSBoundingSphere.cpp">
      <Filter>소스 파일\CDK\Base\Graphics\Collisions</Filter>
    </ClCompile>
    <ClCompile Include="..\CDK\Sources\Graphics\Collisions\CSCollision.cpp">
      <Filter>소스 파일\CDK\Base\Graphics\Collisions</Filter>
    </ClCompile>
    <ClCompile Include="..\CDK\Sources\Graphics\Collisions\CSPlane.cpp">
      <Filter>소스 파일\CDK\Base\Graphics\Collisions</Filter>
    </ClCompile>
    <ClCompile Include="..\CDK\Sources\Graphics\Collisions\CSRay.cpp">
      <Filter>소스 파일\CDK\Base\Graphics\Collisions</Filter>
    </ClCompile>
    <ClCompile Include="..\CDK\Sources\Graphics\Imaging\CSImage.cpp">
      <Filter>소스 파일\CDK\Base\Graphics\Imaging</Filter>
    </ClCompile>
    <ClCompile Include="..\CDK\Sources\Graphics\Imaging\CSRootImage+ASTC.cpp">
      <Filter>소스 파일\CDK\Base\Graphics\Imaging</Filter>
    </ClCompile>
    <ClCompile Include="..\CDK\Sources\Graphics\Imaging\CSRootImage+DXT.cpp">
      <Filter>소스 파일\CDK\Base\Graphics\Imaging</Filter>
    </ClCompile>
    <ClCompile Include="..\CDK\Sources\Graphics\Imaging\CSRootImage+Compressed.cpp">
      <Filter>소스 파일\CDK\Base\Graphics\Imaging</Filter>
    </ClCompile>
    <ClCompile Include="..\CDK\Sources\Graphics\Imaging\CSRootImage+ETC1.cpp">
      <Filter>소스 파일\CDK\Base\Graphics\Imaging</Filter>
    </ClCompile>
    <ClCompile Include="..\CDK\Sources\Graphics\Imaging\CSRootImage+ETC2.cpp">
      <Filter>소스 파일\CDK\Base\Graphics\Imaging</Filter>
    </ClCompile>
    <ClCompile Include="..\CDK\Sources\Graphics\Imaging\CSRootImage+Image.cpp">
      <Filter>소스 파일\CDK\Base\Graphics\Imaging</Filter>
    </ClCompile>
    <ClCompile Include="..\CDK\Sources\Graphics\Imaging\CSRootImage+PVRTC1.cpp">
      <Filter>소스 파일\CDK\Base\Graphics\Imaging</Filter>
    </ClCompile>
    <ClCompile Include="..\CDK\Sources\Graphics\Imaging\CSRootImage+Raw.cpp">
      <Filter>소스 파일\CDK\Base\Graphics\Imaging</Filter>
    </ClCompile>
    <ClCompile Include="..\CDK\Sources\Graphics\Imaging\CSRootImage+Texture.cpp">
      <Filter>소스 파일\CDK\Base\Graphics\Imaging</Filter>
    </ClCompile>
    <ClCompile Include="..\CDK\Sources\Graphics\Imaging\CSRootImage.cpp">
      <Filter>소스 파일\CDK\Base\Graphics\Imaging</Filter>
    </ClCompile>
    <ClCompile Include="..\CDK\Sources\Graphics\Imaging\CSScratch.cpp">
      <Filter>소스 파일\CDK\Base\Graphics\Imaging</Filter>
    </ClCompile>
    <ClCompile Include="..\CDK\Sources\Graphics\Imaging\CSSubImage.cpp">
      <Filter>소스 파일\CDK\Base\Graphics\Imaging</Filter>
    </ClCompile>
    <ClCompile Include="..\CDK\Sources\Graphics\Light\CSLight.cpp">
      <Filter>소스 파일\CDK\Base\Graphics\Light</Filter>
    </ClCompile>
    <ClCompile Include="..\CDK\Sources\Graphics\Light\CSMaterial.cpp">
      <Filter>소스 파일\CDK\Base\Graphics\Light</Filter>
    </ClCompile>
    <ClCompile Include="..\CDK\Sources\Graphics\Mesh\CSMesh.cpp">
      <Filter>소스 파일\CDK\Base\Graphics\Mesh</Filter>
    </ClCompile>
    <ClCompile Include="..\CDK\Sources\Graphics\Mesh\CSMeshAnimation.cpp">
      <Filter>소스 파일\CDK\Base\Graphics\Mesh</Filter>
    </ClCompile>
    <ClCompile Include="..\CDK\Sources\Graphics\Mesh\CSMeshMaterial.cpp">
      <Filter>소스 파일\CDK\Base\Graphics\Mesh</Filter>
    </ClCompile>
    <ClCompile Include="..\CDK\Sources\Graphics\Mesh\CSMeshNode.cpp">
      <Filter>소스 파일\CDK\Base\Graphics\Mesh</Filter>
    </ClCompile>
    <ClCompile Include="..\CDK\Sources\Graphics\Shader\CSProgram.cpp">
      <Filter>소스 파일\CDK\Base\Graphics\Shader</Filter>
    </ClCompile>
    <ClCompile Include="..\CDK\Sources\Graphics\Shader\CSShader.cpp">
      <Filter>소스 파일\CDK\Base\Graphics\Shader</Filter>
    </ClCompile>
    <ClCompile Include="..\CDK\Sources\Graphics\Supports\CSCharacters.cpp">
      <Filter>소스 파일\CDK\Base\Graphics\Supports</Filter>
    </ClCompile>
    <ClCompile Include="..\CDK\Sources\Graphics\Supports\CSGraphicsImpl.cpp">
      <Filter>소스 파일\CDK\Base\Graphics\Supports</Filter>
    </ClCompile>
    <ClCompile Include="..\CDK\Sources\Graphics\Supports\CSOpenGL.cpp">
      <Filter>소스 파일\CDK\Base\Graphics\Supports</Filter>
    </ClCompile>
    <ClCompile Include="..\CDK\Sources\Graphics\Supports\CSRenderBounds.cpp">
      <Filter>소스 파일\CDK\Base\Graphics\Supports</Filter>
    </ClCompile>
    <ClCompile Include="..\CDK\Sources\Graphics\Supports\CSRenderer.cpp">
      <Filter>소스 파일\CDK\Base\Graphics\Supports</Filter>
    </ClCompile>
    <ClCompile Include="..\CDK\Sources\Graphics\Supports\CSRenderProgram.cpp">
      <Filter>소스 파일\CDK\Base\Graphics\Supports</Filter>
    </ClCompile>
    <ClCompile Include="..\CDK\Sources\Graphics\Supports\CSRenderTarget.cpp">
      <Filter>소스 파일\CDK\Base\Graphics\Supports</Filter>
    </ClCompile>
    <ClCompile Include="..\CDK\Sources\Graphics\Supports\Shaders\CSBlurShader.cpp">
      <Filter>소스 파일\CDK\Base\Graphics\Supports\Shaders</Filter>
    </ClCompile>
    <ClCompile Include="..\CDK\Sources\Graphics\Supports\Shaders\CSFillShader.cpp">
      <Filter>소스 파일\CDK\Base\Graphics\Supports\Shaders</Filter>
    </ClCompile>
    <ClCompile Include="..\CDK\Sources\Graphics\Supports\Shaders\CSKuwaharaShader.cpp">
      <Filter>소스 파일\CDK\Base\Graphics\Supports\Shaders</Filter>
    </ClCompile>
    <ClCompile Include="..\CDK\Sources\Graphics\Supports\Shaders\CSLensShader.cpp">
      <Filter>소스 파일\CDK\Base\Graphics\Supports\Shaders</Filter>
    </ClCompile>
    <ClCompile Include="..\CDK\Sources\Graphics\Supports\Shaders\CSPixellateShader.cpp">
      <Filter>소스 파일\CDK\Base\Graphics\Supports\Shaders</Filter>
    </ClCompile>
    <ClCompile Include="..\CDK\Sources\Graphics\Supports\Shaders\CSShockwaveShader.cpp">
      <Filter>소스 파일\CDK\Base\Graphics\Supports\Shaders</Filter>
    </ClCompile>
    <ClCompile Include="..\CDK\Sources\Graphics\Supports\Shaders\CSSwirlShader.cpp">
      <Filter>소스 파일\CDK\Base\Graphics\Supports\Shaders</Filter>
    </ClCompile>
    <ClCompile Include="..\CDK\Sources\Interface\CSButton.cpp">
      <Filter>소스 파일\CDK\Base\Interface</Filter>
    </ClCompile>
    <ClCompile Include="..\CDK\Sources\Interface\CSLayer.cpp">
      <Filter>소스 파일\CDK\Base\Interface</Filter>
    </ClCompile>
    <ClCompile Include="..\CDK\Sources\Interface\CSLayerContainer.cpp">
      <Filter>소스 파일\CDK\Base\Interface</Filter>
    </ClCompile>
    <ClCompile Include="..\CDK\Sources\Interface\CSListBox.cpp">
      <Filter>소스 파일\CDK\Base\Interface</Filter>
    </ClCompile>
    <ClCompile Include="..\CDK\Sources\Interface\CSPopupCoverLayer.cpp">
      <Filter>소스 파일\CDK\Base\Interface</Filter>
    </ClCompile>
    <ClCompile Include="..\CDK\Sources\Interface\CSScroll.cpp">
      <Filter>소스 파일\CDK\Base\Interface</Filter>
    </ClCompile>
    <ClCompile Include="..\CDK\Sources\Interface\CSScrollPane.cpp">
      <Filter>소스 파일\CDK\Base\Interface</Filter>
    </ClCompile>
    <ClCompile Include="..\CDK\Sources\Interface\CSTextBox.cpp">
      <Filter>소스 파일\CDK\Base\Interface</Filter>
    </ClCompile>
    <ClCompile Include="..\CDK\Sources\Interface\CSTextField.cpp">
      <Filter>소스 파일\CDK\Base\Interface</Filter>
    </ClCompile>
    <ClCompile Include="..\CDK\Sources\Interface\CSTicker.cpp">
      <Filter>소스 파일\CDK\Base\Interface</Filter>
    </ClCompile>
    <ClCompile Include="..\CDK\Sources\Interface\CSTouch.cpp">
      <Filter>소스 파일\CDK\Base\Interface</Filter>
    </ClCompile>
    <ClCompile Include="..\CDK\Sources\Interface\CSVideoView.cpp">
      <Filter>소스 파일\CDK\Base\Interface</Filter>
    </ClCompile>
    <ClCompile Include="..\CDK\Sources\Interface\CSView.cpp">
      <Filter>소스 파일\CDK\Base\Interface</Filter>
    </ClCompile>
    <ClCompile Include="..\CDK\Sources\Interface\CSWebView.cpp">
      <Filter>소스 파일\CDK\Base\Interface</Filter>
    </ClCompile>
    <ClCompile Include="..\CDK\Sources\IO\CSBuffer.cpp">
      <Filter>소스 파일\CDK\Base\IO</Filter>
    </ClCompile>
    <ClCompile Include="..\CDK\Sources\IO\CSBytes.cpp">
      <Filter>소스 파일\CDK\Base\IO</Filter>
    </ClCompile>
    <ClCompile Include="..\CDK\Sources\IO\CSLogger.cpp">
      <Filter>소스 파일\CDK\Base\IO</Filter>
    </ClCompile>
    <ClCompile Include="..\CDK\Sources\Locale\CSLocaleString.cpp">
      <Filter>소스 파일\CDK\Base\Locale</Filter>
    </ClCompile>
    <ClCompile Include="..\CDK\Sources\Network\CSSocket.cpp">
      <Filter>소스 파일\CDK\Base\Network</Filter>
    </ClCompile>
    <ClCompile Include="..\CDK\Sources\Network\CSURLConnection.cpp">
      <Filter>소스 파일\CDK\Base\Network</Filter>
    </ClCompile>
    <ClCompile Include="..\CDK\Sources\Network\CSURLRequest.cpp">
      <Filter>소스 파일\CDK\Base\Network</Filter>
    </ClCompile>
    <ClCompile Include="..\CDK\Sources\Security\CSSecret.cpp">
      <Filter>소스 파일\CDK\Base\Security</Filter>
    </ClCompile>
    <ClCompile Include="..\CDK\Sources\Utilities\CSJSONArray.cpp">
      <Filter>소스 파일\CDK\Base\Utilities</Filter>
    </ClCompile>
    <ClCompile Include="..\CDK\Sources\Utilities\CSJSONObject.cpp">
      <Filter>소스 파일\CDK\Base\Utilities</Filter>
    </ClCompile>
    <ClCompile Include="..\CDK\Sources\Utilities\CSJSONParser.cpp">
      <Filter>소스 파일\CDK\Base\Utilities</Filter>
    </ClCompile>
    <ClCompile Include="..\CDK\Sources\Utilities\CSJSONWriter.cpp">
      <Filter>소스 파일\CDK\Base\Utilities</Filter>
    </ClCompile>
    <ClCompile Include="..\CDK\Sources\Utilities\CSMath.cpp">
      <Filter>소스 파일\CDK\Base\Utilities</Filter>
    </ClCompile>
    <ClCompile Include="..\CDK\Sources\Utilities\CSRandom.cpp">
      <Filter>소스 파일\CDK\Base\Utilities</Filter>
    </ClCompile>
    <ClCompile Include="..\CDK\Sources\Utilities\Movements\CSMovement.cpp">
      <Filter>소스 파일\CDK\Base\Utilities\Movements</Filter>
    </ClCompile>
    <ClCompile Include="..\CDK\Sources\Utilities\Movements\CSMovementConstant.cpp">
      <Filter>소스 파일\CDK\Base\Utilities\Movements</Filter>
    </ClCompile>
    <ClCompile Include="..\CDK\Sources\Utilities\Movements\CSMovementCurve.cpp">
      <Filter>소스 파일\CDK\Base\Utilities\Movements</Filter>
    </ClCompile>
    <ClCompile Include="..\CDK\Sources\Utilities\Movements\CSMovementLinear.cpp">
      <Filter>소스 파일\CDK\Base\Utilities\Movements</Filter>
    </ClCompile>
    <ClCompile Include="..\CDK\Sources\Diagnostics\CSDiagnostics.cpp">
      <Filter>소스 파일\CDK\Base\Diagnostics</Filter>
    </ClCompile>
    <ClCompile Include="..\CDK\Sources\Build\pch.cpp">
      <Filter>미리 컴파일된 헤더</Filter>
    </ClCompile>
    <ClCompile Include="..\CDK\Sources\Platform\windows\CSAudio.cpp">
      <Filter>소스 파일\CDK\Base\Platform\windows</Filter>
    </ClCompile>
    <ClCompile Include="..\CDK\Sources\Platform\windows\CSAudioOgg.cpp">
      <Filter>소스 파일\CDK\Base\Platform\windows</Filter>
    </ClCompile>
    <ClCompile Include="..\CDK\Sources\Platform\windows\CSAudioWave.cpp">
      <Filter>소스 파일\CDK\Base\Platform\windows</Filter>
    </ClCompile>
    <ClCompile Include="..\CDK\Sources\Platform\windows\CSDeviceConfig.cpp">
      <Filter>소스 파일\CDK\Base\Platform\windows</Filter>
    </ClCompile>
    <ClCompile Include="..\CDK\Sources\Graphics\CSGraphicsSetting.cpp">
      <Filter>소스 파일\CDK\Base\Graphics</Filter>
    </ClCompile>
    <ClCompile Include="..\CDK\Sources\Platform\windows\CSLocalNotification.cpp">
      <Filter>소스 파일\CDK\Base\Platform\windows</Filter>
    </ClCompile>
    <ClCompile Include="..\CDK\Sources\Graphics\CSStringDisplay.cpp">
      <Filter>소스 파일\CDK\Base\Graphics</Filter>
    </ClCompile>
    <ClCompile Include="..\CDK\Sources\Platform\icu_compat.cpp">
      <Filter>소스 파일\CDK\Base\Platform</Filter>
    </ClCompile>
  </ItemGroup>
  <ItemGroup>
    <None Include=".editorconfig" />
    <None Include="..\CDK\Sources\Platform\windows\device.cfg">
      <Filter>소스 파일\CDK\Base\Platform\windows</Filter>
    </None>
  </ItemGroup>
</Project>